
Microsoft Visual Studio Solution File, Format Version 12.00
# Visual Studio Version 16
VisualStudioVersion = 16.0.30114.105
MinimumVisualStudioVersion = 10.0.40219.1
Project("{FAE04EC0-301F-11D3-BF4B-00C04F79EFBC}") = "sizeof_datatype", "sizeof_datatype\sizeof_datatype.csproj", "{7965A930-D168-417A-B105-A8460E4C6A54}"
EndProject
Global
	GlobalSection(SolutionConfigurationPlatforms) = preSolution
		Debug|Any CPU = Debug|Any CPU
		Release|Any CPU = Release|Any CPU
	EndGlobalSection
	GlobalSection(ProjectConfigurationPlatforms) = postSolution
		{7965A930-D168-417A-B105-A8460E4C6A54}.Debug|Any CPU.ActiveCfg = Debug|Any CPU
		{7965A930-D168-417A-B105-A8460E4C6A54}.Debug|Any CPU.Build.0 = Debug|Any CPU
		{7965A930-D168-417A-B105-A8460E4C6A54}.Release|Any CPU.ActiveCfg = Release|Any CPU
		{7965A930-D168-417A-B105-A8460E4C6A54}.Release|Any CPU.Build.0 = Release|Any CPU
	EndGlobalSection
	GlobalSection(SolutionProperties) = preSolution
		HideSolutionNode = FALSE
	EndGlobalSection
	GlobalSection(ExtensibilityGlobals) = postSolution
		SolutionGuid = {204E6079-0003-4022-8FAC-E848053C6699}
	EndGlobalSection
EndGlobal
