
Microsoft Visual Studio Solution File, Format Version 12.00
# Visual Studio Version 16
VisualStudioVersion = 16.0.29806.167
MinimumVisualStudioVersion = 10.0.40219.1
Project("{FAE04EC0-301F-11D3-BF4B-00C04F79EFBC}") = "ConsoleApp19", "ConsoleApp19\ConsoleApp19.csproj", "{E70E8140-C4FB-4C18-95E6-5F34368FE38E}"
EndProject
Global
	GlobalSection(SolutionConfigurationPlatforms) = preSolution
		Debug|Any CPU = Debug|Any CPU
		Release|Any CPU = Release|Any CPU
	EndGlobalSection
	GlobalSection(ProjectConfigurationPlatforms) = postSolution
		{E70E8140-C4FB-4C18-95E6-5F34368FE38E}.Debug|Any CPU.ActiveCfg = Debug|Any CPU
		{E70E8140-C4FB-4C18-95E6-5F34368FE38E}.Debug|Any CPU.Build.0 = Debug|Any CPU
		{E70E8140-C4FB-4C18-95E6-5F34368FE38E}.Release|Any CPU.ActiveCfg = Release|Any CPU
		{E70E8140-C4FB-4C18-95E6-5F34368FE38E}.Release|Any CPU.Build.0 = Release|Any CPU
	EndGlobalSection
	GlobalSection(SolutionProperties) = preSolution
		HideSolutionNode = FALSE
	EndGlobalSection
	GlobalSection(ExtensibilityGlobals) = postSolution
		SolutionGuid = {EEB569D7-1F40-4263-9A37-AC5C68FECA65}
	EndGlobalSection
EndGlobal
