
Microsoft Visual Studio Solution File, Format Version 12.00
# Visual Studio Version 16
VisualStudioVersion = 16.0.30114.105
MinimumVisualStudioVersion = 10.0.40219.1
Project("{FAE04EC0-301F-11D3-BF4B-00C04F79EFBC}") = "khansirass2_10", "khansirass2_10\khansirass2_10.csproj", "{327FFE60-C15E-4574-9CC6-18D776C6B5CE}"
EndProject
Global
	GlobalSection(SolutionConfigurationPlatforms) = preSolution
		Debug|Any CPU = Debug|Any CPU
		Release|Any CPU = Release|Any CPU
	EndGlobalSection
	GlobalSection(ProjectConfigurationPlatforms) = postSolution
		{327FFE60-C15E-4574-9CC6-18D776C6B5CE}.Debug|Any CPU.ActiveCfg = Debug|Any CPU
		{327FFE60-C15E-4574-9CC6-18D776C6B5CE}.Debug|Any CPU.Build.0 = Debug|Any CPU
		{327FFE60-C15E-4574-9CC6-18D776C6B5CE}.Release|Any CPU.ActiveCfg = Release|Any CPU
		{327FFE60-C15E-4574-9CC6-18D776C6B5CE}.Release|Any CPU.Build.0 = Release|Any CPU
	EndGlobalSection
	GlobalSection(SolutionProperties) = preSolution
		HideSolutionNode = FALSE
	EndGlobalSection
	GlobalSection(ExtensibilityGlobals) = postSolution
		SolutionGuid = {589E0E82-5A48-4DCC-A921-72B6F5C02E67}
	EndGlobalSection
EndGlobal
