
Microsoft Visual Studio Solution File, Format Version 12.00
# Visual Studio Version 16
VisualStudioVersion = 16.0.30114.105
MinimumVisualStudioVersion = 10.0.40219.1
Project("{FAE04EC0-301F-11D3-BF4B-00C04F79EFBC}") = "firstwebsiteinasp.net_core", "firstwebsiteinasp.net_core\firstwebsiteinasp.net_core.csproj", "{A51A8769-4723-4DFD-B83A-AAC3737C483C}"
EndProject
Global
	GlobalSection(SolutionConfigurationPlatforms) = preSolution
		Debug|Any CPU = Debug|Any CPU
		Release|Any CPU = Release|Any CPU
	EndGlobalSection
	GlobalSection(ProjectConfigurationPlatforms) = postSolution
		{A51A8769-4723-4DFD-B83A-AAC3737C483C}.Debug|Any CPU.ActiveCfg = Debug|Any CPU
		{A51A8769-4723-4DFD-B83A-AAC3737C483C}.Debug|Any CPU.Build.0 = Debug|Any CPU
		{A51A8769-4723-4DFD-B83A-AAC3737C483C}.Release|Any CPU.ActiveCfg = Release|Any CPU
		{A51A8769-4723-4DFD-B83A-AAC3737C483C}.Release|Any CPU.Build.0 = Release|Any CPU
	EndGlobalSection
	GlobalSection(SolutionProperties) = preSolution
		HideSolutionNode = FALSE
	EndGlobalSection
	GlobalSection(ExtensibilityGlobals) = postSolution
		SolutionGuid = {AEA04C55-4FF7-450C-83B4-ED3A8DF94C19}
	EndGlobalSection
EndGlobal
