
Microsoft Visual Studio Solution File, Format Version 12.00
# Visual Studio Version 16
VisualStudioVersion = 16.0.30114.105
MinimumVisualStudioVersion = 10.0.40219.1
Project("{FAE04EC0-301F-11D3-BF4B-00C04F79EFBC}") = "bookstore_mvc", "bookstore_mvc\bookstore_mvc.csproj", "{0DD53850-B7C3-4B87-99B3-723B3E96A1C1}"
EndProject
Global
	GlobalSection(SolutionConfigurationPlatforms) = preSolution
		Debug|Any CPU = Debug|Any CPU
		Release|Any CPU = Release|Any CPU
	EndGlobalSection
	GlobalSection(ProjectConfigurationPlatforms) = postSolution
		{0DD53850-B7C3-4B87-99B3-723B3E96A1C1}.Debug|Any CPU.ActiveCfg = Debug|Any CPU
		{0DD53850-B7C3-4B87-99B3-723B3E96A1C1}.Debug|Any CPU.Build.0 = Debug|Any CPU
		{0DD53850-B7C3-4B87-99B3-723B3E96A1C1}.Release|Any CPU.ActiveCfg = Release|Any CPU
		{0DD53850-B7C3-4B87-99B3-723B3E96A1C1}.Release|Any CPU.Build.0 = Release|Any CPU
	EndGlobalSection
	GlobalSection(SolutionProperties) = preSolution
		HideSolutionNode = FALSE
	EndGlobalSection
	GlobalSection(ExtensibilityGlobals) = postSolution
		SolutionGuid = {18D5C703-0CA8-4CCC-91CC-900CEF674380}
	EndGlobalSection
EndGlobal
