
Microsoft Visual Studio Solution File, Format Version 12.00
# Visual Studio Version 16
VisualStudioVersion = 16.0.29806.167
MinimumVisualStudioVersion = 10.0.40219.1
Project("{FAE04EC0-301F-11D3-BF4B-00C04F79EFBC}") = "ConsoleApp1", "ConsoleApp1\ConsoleApp1.csproj", "{7006AB88-2E77-4EE8-A4B0-BA8202E58998}"
EndProject
Global
	GlobalSection(SolutionConfigurationPlatforms) = preSolution
		Debug|Any CPU = Debug|Any CPU
		Release|Any CPU = Release|Any CPU
	EndGlobalSection
	GlobalSection(ProjectConfigurationPlatforms) = postSolution
		{7006AB88-2E77-4EE8-A4B0-BA8202E58998}.Debug|Any CPU.ActiveCfg = Debug|Any CPU
		{7006AB88-2E77-4EE8-A4B0-BA8202E58998}.Debug|Any CPU.Build.0 = Debug|Any CPU
		{7006AB88-2E77-4EE8-A4B0-BA8202E58998}.Release|Any CPU.ActiveCfg = Release|Any CPU
		{7006AB88-2E77-4EE8-A4B0-BA8202E58998}.Release|Any CPU.Build.0 = Release|Any CPU
	EndGlobalSection
	GlobalSection(SolutionProperties) = preSolution
		HideSolutionNode = FALSE
	EndGlobalSection
	GlobalSection(ExtensibilityGlobals) = postSolution
		SolutionGuid = {4CE0F235-65C6-440E-9EAE-36C0FF8C475A}
	EndGlobalSection
EndGlobal
