
Microsoft Visual Studio Solution File, Format Version 12.00
# Visual Studio Version 16
VisualStudioVersion = 16.0.30114.105
MinimumVisualStudioVersion = 10.0.40219.1
Project("{FAE04EC0-301F-11D3-BF4B-00C04F79EFBC}") = "hashtablecoll", "hashtablecoll\hashtablecoll.csproj", "{2978F009-8BA3-4AA9-BC20-6D64C32D069C}"
EndProject
Global
	GlobalSection(SolutionConfigurationPlatforms) = preSolution
		Debug|Any CPU = Debug|Any CPU
		Release|Any CPU = Release|Any CPU
	EndGlobalSection
	GlobalSection(ProjectConfigurationPlatforms) = postSolution
		{2978F009-8BA3-4AA9-BC20-6D64C32D069C}.Debug|Any CPU.ActiveCfg = Debug|Any CPU
		{2978F009-8BA3-4AA9-BC20-6D64C32D069C}.Debug|Any CPU.Build.0 = Debug|Any CPU
		{2978F009-8BA3-4AA9-BC20-6D64C32D069C}.Release|Any CPU.ActiveCfg = Release|Any CPU
		{2978F009-8BA3-4AA9-BC20-6D64C32D069C}.Release|Any CPU.Build.0 = Release|Any CPU
	EndGlobalSection
	GlobalSection(SolutionProperties) = preSolution
		HideSolutionNode = FALSE
	EndGlobalSection
	GlobalSection(ExtensibilityGlobals) = postSolution
		SolutionGuid = {1AADDA09-65A0-40E8-B19E-DACB3C743B14}
	EndGlobalSection
EndGlobal
