
Microsoft Visual Studio Solution File, Format Version 12.00
# Visual Studio Version 16
VisualStudioVersion = 16.0.30114.105
MinimumVisualStudioVersion = 10.0.40219.1
Project("{FAE04EC0-301F-11D3-BF4B-00C04F79EFBC}") = "areaofrectangle", "areaofrectangle\areaofrectangle.csproj", "{D4748F87-AD44-44EC-982E-07825B701926}"
EndProject
Global
	GlobalSection(SolutionConfigurationPlatforms) = preSolution
		Debug|Any CPU = Debug|Any CPU
		Release|Any CPU = Release|Any CPU
	EndGlobalSection
	GlobalSection(ProjectConfigurationPlatforms) = postSolution
		{D4748F87-AD44-44EC-982E-07825B701926}.Debug|Any CPU.ActiveCfg = Debug|Any CPU
		{D4748F87-AD44-44EC-982E-07825B701926}.Debug|Any CPU.Build.0 = Debug|Any CPU
		{D4748F87-AD44-44EC-982E-07825B701926}.Release|Any CPU.ActiveCfg = Release|Any CPU
		{D4748F87-AD44-44EC-982E-07825B701926}.Release|Any CPU.Build.0 = Release|Any CPU
	EndGlobalSection
	GlobalSection(SolutionProperties) = preSolution
		HideSolutionNode = FALSE
	EndGlobalSection
	GlobalSection(ExtensibilityGlobals) = postSolution
		SolutionGuid = {540995C4-CBE9-4ED4-9982-3E18A626EC85}
	EndGlobalSection
EndGlobal
