
Microsoft Visual Studio Solution File, Format Version 12.00
# Visual Studio Version 16
VisualStudioVersion = 16.0.30114.105
MinimumVisualStudioVersion = 10.0.40219.1
Project("{FAE04EC0-301F-11D3-BF4B-00C04F79EFBC}") = "default_constructor", "default_constructor\default_constructor.csproj", "{46AA1C96-CFF3-4208-8E0C-3EE8F2F9A428}"
EndProject
Global
	GlobalSection(SolutionConfigurationPlatforms) = preSolution
		Debug|Any CPU = Debug|Any CPU
		Release|Any CPU = Release|Any CPU
	EndGlobalSection
	GlobalSection(ProjectConfigurationPlatforms) = postSolution
		{46AA1C96-CFF3-4208-8E0C-3EE8F2F9A428}.Debug|Any CPU.ActiveCfg = Debug|Any CPU
		{46AA1C96-CFF3-4208-8E0C-3EE8F2F9A428}.Debug|Any CPU.Build.0 = Debug|Any CPU
		{46AA1C96-CFF3-4208-8E0C-3EE8F2F9A428}.Release|Any CPU.ActiveCfg = Release|Any CPU
		{46AA1C96-CFF3-4208-8E0C-3EE8F2F9A428}.Release|Any CPU.Build.0 = Release|Any CPU
	EndGlobalSection
	GlobalSection(SolutionProperties) = preSolution
		HideSolutionNode = FALSE
	EndGlobalSection
	GlobalSection(ExtensibilityGlobals) = postSolution
		SolutionGuid = {53A89380-2E42-42C1-8106-087B3C142234}
	EndGlobalSection
EndGlobal
