
Microsoft Visual Studio Solution File, Format Version 12.00
# Visual Studio Version 16
VisualStudioVersion = 16.0.30114.105
MinimumVisualStudioVersion = 10.0.40219.1
Project("{FAE04EC0-301F-11D3-BF4B-00C04F79EFBC}") = "recursivefactorial", "recursivefactorial\recursivefactorial.csproj", "{581AE1BB-4C1B-45DE-99A0-CD96028F084A}"
EndProject
Global
	GlobalSection(SolutionConfigurationPlatforms) = preSolution
		Debug|Any CPU = Debug|Any CPU
		Release|Any CPU = Release|Any CPU
	EndGlobalSection
	GlobalSection(ProjectConfigurationPlatforms) = postSolution
		{581AE1BB-4C1B-45DE-99A0-CD96028F084A}.Debug|Any CPU.ActiveCfg = Debug|Any CPU
		{581AE1BB-4C1B-45DE-99A0-CD96028F084A}.Debug|Any CPU.Build.0 = Debug|Any CPU
		{581AE1BB-4C1B-45DE-99A0-CD96028F084A}.Release|Any CPU.ActiveCfg = Release|Any CPU
		{581AE1BB-4C1B-45DE-99A0-CD96028F084A}.Release|Any CPU.Build.0 = Release|Any CPU
	EndGlobalSection
	GlobalSection(SolutionProperties) = preSolution
		HideSolutionNode = FALSE
	EndGlobalSection
	GlobalSection(ExtensibilityGlobals) = postSolution
		SolutionGuid = {56A1AEDB-4154-4BB0-9E11-2FAB55776A32}
	EndGlobalSection
EndGlobal
